
Microsoft Visual Studio Solution File, Format Version 12.00
Project("{FAE04EC0-301F-11D3-BF4B-00C04F79EFBC}") = "RatGBLib", "RatGBLib\RatGBLib.csproj", "{02D58064-24DB-403A-918A-A9FC79B25FB1}"
EndProject
Project("{FAE04EC0-301F-11D3-BF4B-00C04F79EFBC}") = "Raven", "..\ProjectRaven\Raven\Raven.csproj", "{0A62E027-A882-418F-8D25-0C3112B9722D}"
EndProject
Project("{FAE04EC0-301F-11D3-BF4B-00C04F79EFBC}") = "Raven.CodeGenerators", "..\ProjectRaven\Raven.CodeGenerators\Raven.CodeGenerators.csproj", "{F52EBE49-9D5B-4630-8F55-7E3EAFDFFE1F}"
EndProject
Project("{FAE04EC0-301F-11D3-BF4B-00C04F79EFBC}") = "RatGB", "RatGB\RatGB.csproj", "{10B38049-E533-4EAE-9D20-38F5CAE33715}"
EndProject
Global
	GlobalSection(SolutionConfigurationPlatforms) = preSolution
		Debug|Any CPU = Debug|Any CPU
		Release|Any CPU = Release|Any CPU
	EndGlobalSection
	GlobalSection(ProjectConfigurationPlatforms) = postSolution
		{02D58064-24DB-403A-918A-A9FC79B25FB1}.Debug|Any CPU.ActiveCfg = Debug|Any CPU
		{02D58064-24DB-403A-918A-A9FC79B25FB1}.Debug|Any CPU.Build.0 = Debug|Any CPU
		{02D58064-24DB-403A-918A-A9FC79B25FB1}.Release|Any CPU.ActiveCfg = Release|Any CPU
		{02D58064-24DB-403A-918A-A9FC79B25FB1}.Release|Any CPU.Build.0 = Release|Any CPU
		{0A62E027-A882-418F-8D25-0C3112B9722D}.Debug|Any CPU.ActiveCfg = Debug|Any CPU
		{0A62E027-A882-418F-8D25-0C3112B9722D}.Debug|Any CPU.Build.0 = Debug|Any CPU
		{0A62E027-A882-418F-8D25-0C3112B9722D}.Release|Any CPU.ActiveCfg = Release|Any CPU
		{0A62E027-A882-418F-8D25-0C3112B9722D}.Release|Any CPU.Build.0 = Release|Any CPU
		{F52EBE49-9D5B-4630-8F55-7E3EAFDFFE1F}.Debug|Any CPU.ActiveCfg = Debug|Any CPU
		{F52EBE49-9D5B-4630-8F55-7E3EAFDFFE1F}.Debug|Any CPU.Build.0 = Debug|Any CPU
		{F52EBE49-9D5B-4630-8F55-7E3EAFDFFE1F}.Release|Any CPU.ActiveCfg = Release|Any CPU
		{F52EBE49-9D5B-4630-8F55-7E3EAFDFFE1F}.Release|Any CPU.Build.0 = Release|Any CPU
		{10B38049-E533-4EAE-9D20-38F5CAE33715}.Debug|Any CPU.ActiveCfg = Debug|Any CPU
		{10B38049-E533-4EAE-9D20-38F5CAE33715}.Debug|Any CPU.Build.0 = Debug|Any CPU
		{10B38049-E533-4EAE-9D20-38F5CAE33715}.Release|Any CPU.ActiveCfg = Release|Any CPU
		{10B38049-E533-4EAE-9D20-38F5CAE33715}.Release|Any CPU.Build.0 = Release|Any CPU
	EndGlobalSection
EndGlobal
